
Microsoft Visual Studio Solution File, Format Version 12.00
# Visual Studio 2013
VisualStudioVersion = 12.0.40629.0
MinimumVisualStudioVersion = 10.0.40219.1
Project("{FAE04EC0-301F-11D3-BF4B-00C04F79EFBC}") = "Capgemini.DevOps.WebApp", "Capgemini.DevOps.WebApp\Capgemini.DevOps.WebApp.csproj", "{944AF65A-DCF9-4CA1-AF29-C22BFD7253BB}"
EndProject
Project("{FAE04EC0-301F-11D3-BF4B-00C04F79EFBC}") = "Capgemini.DevOps.UnitTest", "Capgemini.DevOps.UnitTest\Capgemini.DevOps.UnitTest.csproj", "{D403DBCB-A4BD-491C-857B-042B622812B4}"
EndProject
Global
	GlobalSection(SolutionConfigurationPlatforms) = preSolution
		Debug|Any CPU = Debug|Any CPU
		Release|Any CPU = Release|Any CPU
	EndGlobalSection
	GlobalSection(ProjectConfigurationPlatforms) = postSolution
		{944AF65A-DCF9-4CA1-AF29-C22BFD7253BB}.Debug|Any CPU.ActiveCfg = Debug|Any CPU
		{944AF65A-DCF9-4CA1-AF29-C22BFD7253BB}.Debug|Any CPU.Build.0 = Debug|Any CPU
		{944AF65A-DCF9-4CA1-AF29-C22BFD7253BB}.Release|Any CPU.ActiveCfg = Release|Any CPU
		{944AF65A-DCF9-4CA1-AF29-C22BFD7253BB}.Release|Any CPU.Build.0 = Release|Any CPU
		{D403DBCB-A4BD-491C-857B-042B622812B4}.Debug|Any CPU.ActiveCfg = Debug|Any CPU
		{D403DBCB-A4BD-491C-857B-042B622812B4}.Debug|Any CPU.Build.0 = Debug|Any CPU
		{D403DBCB-A4BD-491C-857B-042B622812B4}.Release|Any CPU.ActiveCfg = Release|Any CPU
		{D403DBCB-A4BD-491C-857B-042B622812B4}.Release|Any CPU.Build.0 = Release|Any CPU
	EndGlobalSection
	GlobalSection(SolutionProperties) = preSolution
		HideSolutionNode = FALSE
	EndGlobalSection
EndGlobal
